
Microsoft Visual Studio Solution File, Format Version 12.00
# Visual Studio Version 17
VisualStudioVersion = 17.14.36511.14 d17.14
MinimumVisualStudioVersion = 10.0.40219.1
Project("{FAE04EC0-301F-11D3-BF4B-00C04F79EFBC}") = "Tugas 1-if", "Tugas 1-if\Tugas 1-if.csproj", "{3AA69B19-7731-49F3-ADBD-AD475C186DD3}"
EndProject
Global
	GlobalSection(SolutionConfigurationPlatforms) = preSolution
		Debug|Any CPU = Debug|Any CPU
		Release|Any CPU = Release|Any CPU
	EndGlobalSection
	GlobalSection(ProjectConfigurationPlatforms) = postSolution
		{3AA69B19-7731-49F3-ADBD-AD475C186DD3}.Debug|Any CPU.ActiveCfg = Debug|Any CPU
		{3AA69B19-7731-49F3-ADBD-AD475C186DD3}.Debug|Any CPU.Build.0 = Debug|Any CPU
		{3AA69B19-7731-49F3-ADBD-AD475C186DD3}.Release|Any CPU.ActiveCfg = Release|Any CPU
		{3AA69B19-7731-49F3-ADBD-AD475C186DD3}.Release|Any CPU.Build.0 = Release|Any CPU
	EndGlobalSection
	GlobalSection(SolutionProperties) = preSolution
		HideSolutionNode = FALSE
	EndGlobalSection
	GlobalSection(ExtensibilityGlobals) = postSolution
		SolutionGuid = {8771570F-A21C-4680-B352-155BB614BB30}
	EndGlobalSection
EndGlobal
